
Microsoft Visual Studio Solution File, Format Version 12.00
# Visual Studio Version 17
VisualStudioVersion = 17.7.34202.233
MinimumVisualStudioVersion = 10.0.40219.1
Project("{FAE04EC0-301F-11D3-BF4B-00C04F79EFBC}") = "Patterns.Adapter", "Patterns.Adapter\Patterns.Adapter.csproj", "{EEE7EF9D-31DC-4F4C-9892-19EBF2666BF6}"
EndProject
Global
	GlobalSection(SolutionConfigurationPlatforms) = preSolution
		Debug|Any CPU = Debug|Any CPU
		Release|Any CPU = Release|Any CPU
	EndGlobalSection
	GlobalSection(ProjectConfigurationPlatforms) = postSolution
		{EEE7EF9D-31DC-4F4C-9892-19EBF2666BF6}.Debug|Any CPU.ActiveCfg = Debug|Any CPU
		{EEE7EF9D-31DC-4F4C-9892-19EBF2666BF6}.Debug|Any CPU.Build.0 = Debug|Any CPU
		{EEE7EF9D-31DC-4F4C-9892-19EBF2666BF6}.Release|Any CPU.ActiveCfg = Release|Any CPU
		{EEE7EF9D-31DC-4F4C-9892-19EBF2666BF6}.Release|Any CPU.Build.0 = Release|Any CPU
	EndGlobalSection
	GlobalSection(SolutionProperties) = preSolution
		HideSolutionNode = FALSE
	EndGlobalSection
	GlobalSection(ExtensibilityGlobals) = postSolution
		SolutionGuid = {F4842C7A-CDA3-4520-BF51-B8A085E0D9FE}
	EndGlobalSection
EndGlobal
